{
	"name": "@beyond-js/ts-bundler",
	"version": "0.0.1",
	"lockfileVersion": 3,
	"requires": true,
	"packages": {
		"": {
			"name": "@beyond-js/ts-bundler",
			"version": "0.0.1",
			"license": "MIT",
			"dependencies": {
				"@beyond-js/bundlers-sdk": "file://../../bundlers-sdk",
				"@beyond-js/crc32": "^0.0.1",
				"@beyond-js/dynamic-processor": "~0.0.7"
			},
			"engines": {
				"node": ">=14.0.0"
			}
		},
		"../../bundlers-sdk": {
			"version": "1.0.10",
			"license": "MIT",
			"dependencies": {
				"@beyond-js/code": "~0.0.1",
				"@beyond-js/crc32": "~0.0.1",
				"@beyond-js/dynamic-processor": "~0.0.7",
				"@beyond-js/equal": "~0.0.1",
				"@beyond-js/finder": "~0.0.9",
				"@beyond-js/fs": "~0.0.1",
				"@beyond-js/ipc": "~0.0.11",
				"@beyond-js/md5": "~0.0.1",
				"@beyond-js/mformat": "~0.0.3",
				"clean-css": "~5.3.0",
				"concat-with-sourcemaps": "~1.1.0",
				"source-map": "~0.7.4",
				"sqlite3": "~5.1.4",
				"uglify-js": "~3.19.3"
			},
			"engines": {
				"node": ">=14.0.0"
			}
		},
		"../bundlers-sdk": {
			"version": "1.0.10",
			"extraneous": true,
			"license": "MIT",
			"dependencies": {
				"@beyond-js/code": "~0.0.1",
				"@beyond-js/crc32": "~0.0.1",
				"@beyond-js/dynamic-processor": "~0.0.7",
				"@beyond-js/equal": "~0.0.1",
				"@beyond-js/finder": "~0.0.9",
				"@beyond-js/fs": "~0.0.1",
				"@beyond-js/ipc": "~0.0.11",
				"@beyond-js/md5": "~0.0.1",
				"@beyond-js/mformat": "~0.0.3",
				"clean-css": "~5.3.0",
				"concat-with-sourcemaps": "~1.1.0",
				"source-map": "~0.7.4",
				"sqlite3": "~5.1.4",
				"uglify-js": "~3.19.3"
			},
			"engines": {
				"node": ">=14.0.0"
			}
		},
		"node_modules/@beyond-js/bundlers-sdk": {
			"resolved": "../../bundlers-sdk",
			"link": true
		},
		"node_modules/@beyond-js/crc32": {
			"version": "0.0.1",
			"resolved": "https://registry.npmjs.org/@beyond-js/crc32/-/crc32-0.0.1.tgz",
			"integrity": "sha512-tBk8q1VHJWyBUIlYTpY92lWB/BiHWhrlYJaK4x1gtuiAe/sqo95UcQb4YdLRvQzJFs/Lp1RMZIHzfuNUAHY9dg==",
			"license": "MIT"
		},
		"node_modules/@beyond-js/dynamic-processor": {
			"version": "0.0.7",
			"resolved": "https://registry.npmjs.org/@beyond-js/dynamic-processor/-/dynamic-processor-0.0.7.tgz",
			"integrity": "sha512-UjIKZ7TzAibc7w7tioluSPIWvFgp1PLcKOAzZ6X/ybaOFW7tFVOp2bSfLr/VujxfDs9FTmGoOcu4GkBq+ahYBw==",
			"license": "MIT",
			"dependencies": {
				"@beyond-js/pending-promise": "~0.0.4",
				"colors": "1.4.0"
			}
		},
		"node_modules/@beyond-js/kernel": {
			"version": "0.1.9",
			"resolved": "https://registry.npmjs.org/@beyond-js/kernel/-/kernel-0.1.9.tgz",
			"integrity": "sha512-jBwaslFuwM/qPCXieNuyfgbpLP98AHfLngyCEBeuaWkCBLNpRHFTHFGVqDWvJW1+e7HjUpSrxrCN8ekQ4fqPLA==",
			"license": "MIT"
		},
		"node_modules/@beyond-js/pending-promise": {
			"version": "0.0.4",
			"resolved": "https://registry.npmjs.org/@beyond-js/pending-promise/-/pending-promise-0.0.4.tgz",
			"integrity": "sha512-/dEtOY1nevq/82nF68OEo82V4U6dSTR84nzeACKJgJoQTbtiVzRfd63eh/Bc899GVvPxrzP2+6D0sBatEVX4uw==",
			"license": "MIT",
			"dependencies": {
				"@beyond-js/kernel": "~0.1.9"
			}
		},
		"node_modules/colors": {
			"version": "1.4.0",
			"resolved": "https://registry.npmjs.org/colors/-/colors-1.4.0.tgz",
			"integrity": "sha512-a+UqTh4kgZg/SlGvfbzDHpgRu7AAQOmmqRHJnxhRZICKFUT91brVhNNt58CMWU9PsBbv3PDCZUHbVxuDiH2mtA==",
			"license": "MIT",
			"engines": {
				"node": ">=0.1.90"
			}
		}
	}
}
