{
	"name": "@beyond-js/ts-bundler",
	"version": "1.0.0",
	"lockfileVersion": 3,
	"requires": true,
	"packages": {
		"": {
			"name": "@beyond-js/ts-bundler",
			"version": "1.0.0",
			"license": "MIT",
			"dependencies": {
				"@beyond-js/bundlers-sdk": "file://../../bundlers-sdk",
				"@beyond-js/equal": "~0.0.1",
				"typescript": "~5.7.3"
			},
			"engines": {
				"node": ">=14.0.0"
			}
		},
		"../../bundlers-sdk": {
			"version": "1.0.0",
			"license": "MIT",
			"dependencies": {
				"@beyond-js/code": "~0.0.1",
				"@beyond-js/crc32": "~0.0.1",
				"@beyond-js/dynamic-processor": "~0.0.7",
				"@beyond-js/equal": "~0.0.1",
				"@beyond-js/finder": "~0.0.9",
				"@beyond-js/fs": "~0.0.1",
				"@beyond-js/ipc": "~0.0.11",
				"@beyond-js/md5": "~0.0.1",
				"@beyond-js/mformat": "~0.0.3",
				"clean-css": "~5.3.0",
				"concat-with-sourcemaps": "~1.1.0",
				"source-map": "~0.7.4",
				"sqlite3": "~5.1.4",
				"uglify-js": "~3.19.3"
			},
			"engines": {
				"node": ">=14.0.0"
			}
		},
		"../bundlers-sdk": {
			"version": "1.0.10",
			"extraneous": true,
			"license": "MIT",
			"dependencies": {
				"@beyond-js/code": "~0.0.1",
				"@beyond-js/crc32": "~0.0.1",
				"@beyond-js/dynamic-processor": "~0.0.7",
				"@beyond-js/equal": "~0.0.1",
				"@beyond-js/finder": "~0.0.9",
				"@beyond-js/fs": "~0.0.1",
				"@beyond-js/ipc": "~0.0.11",
				"@beyond-js/md5": "~0.0.1",
				"@beyond-js/mformat": "~0.0.3",
				"clean-css": "~5.3.0",
				"concat-with-sourcemaps": "~1.1.0",
				"source-map": "~0.7.4",
				"sqlite3": "~5.1.4",
				"uglify-js": "~3.19.3"
			},
			"engines": {
				"node": ">=14.0.0"
			}
		},
		"node_modules/@beyond-js/bundlers-sdk": {
			"resolved": "../../bundlers-sdk",
			"link": true
		},
		"node_modules/@beyond-js/equal": {
			"version": "0.0.1",
			"resolved": "https://registry.npmjs.org/@beyond-js/equal/-/equal-0.0.1.tgz",
			"integrity": "sha512-gf8b0zoKvhHcDYKmAtVFY1uCJJBXvkIW3bbKwdEk8sjyiSUNSsncJlR0zR62Oif8SmeQI7oTSA/5tuhjstSR0Q==",
			"license": "MIT"
		},
		"node_modules/typescript": {
			"version": "5.7.3",
			"resolved": "https://registry.npmjs.org/typescript/-/typescript-5.7.3.tgz",
			"integrity": "sha512-84MVSjMEHP+FQRPy3pX9sTVV/INIex71s9TL2Gm5FG/WG1SqXeKyZ0k7/blY/4FdOzI12CBy1vGc4og/eus0fw==",
			"license": "Apache-2.0",
			"bin": {
				"tsc": "bin/tsc",
				"tsserver": "bin/tsserver"
			},
			"engines": {
				"node": ">=14.17"
			}
		}
	}
}
