{
	"name": "@beyond-js/ts-bundler",
	"version": "1.0.0",
	"lockfileVersion": 3,
	"requires": true,
	"packages": {
		"": {
			"name": "@beyond-js/ts-bundler",
			"version": "1.0.0",
			"license": "MIT",
			"dependencies": {
				"@beyond-js/bundlers-sdk": "file://../../bundlers-sdk",
				"@beyond-js/equal": "~0.0.1",
				"@swc/core": "^1.3.60",
				"typescript": "~5.7.3"
			},
			"engines": {
				"node": ">=14.0.0"
			}
		},
		"../../bundlers-sdk": {
			"version": "1.0.0",
			"license": "MIT",
			"dependencies": {
				"@beyond-js/code": "~0.0.1",
				"@beyond-js/crc32": "~0.0.1",
				"@beyond-js/dynamic-processor": "~0.0.7",
				"@beyond-js/equal": "~0.0.1",
				"@beyond-js/finder": "~0.0.9",
				"@beyond-js/fs": "~0.0.1",
				"@beyond-js/ipc": "~0.0.11",
				"@beyond-js/md5": "~0.0.1",
				"@beyond-js/mformat": "~0.0.3",
				"@beyond-js/pending-promise": "0.0.5",
				"clean-css": "~5.3.0",
				"concat-with-sourcemaps": "~1.1.0",
				"source-map": "~0.7.4",
				"sqlite3": "~5.1.4",
				"uglify-js": "~3.19.3"
			},
			"engines": {
				"node": ">=14.0.0"
			}
		},
		"../bundlers-sdk": {
			"version": "1.0.10",
			"extraneous": true,
			"license": "MIT",
			"dependencies": {
				"@beyond-js/code": "~0.0.1",
				"@beyond-js/crc32": "~0.0.1",
				"@beyond-js/dynamic-processor": "~0.0.7",
				"@beyond-js/equal": "~0.0.1",
				"@beyond-js/finder": "~0.0.9",
				"@beyond-js/fs": "~0.0.1",
				"@beyond-js/ipc": "~0.0.11",
				"@beyond-js/md5": "~0.0.1",
				"@beyond-js/mformat": "~0.0.3",
				"clean-css": "~5.3.0",
				"concat-with-sourcemaps": "~1.1.0",
				"source-map": "~0.7.4",
				"sqlite3": "~5.1.4",
				"uglify-js": "~3.19.3"
			},
			"engines": {
				"node": ">=14.0.0"
			}
		},
		"node_modules/@beyond-js/bundlers-sdk": {
			"resolved": "../../bundlers-sdk",
			"link": true
		},
		"node_modules/@beyond-js/equal": {
			"version": "0.0.1",
			"resolved": "https://registry.npmjs.org/@beyond-js/equal/-/equal-0.0.1.tgz",
			"integrity": "sha512-gf8b0zoKvhHcDYKmAtVFY1uCJJBXvkIW3bbKwdEk8sjyiSUNSsncJlR0zR62Oif8SmeQI7oTSA/5tuhjstSR0Q==",
			"license": "MIT"
		},
		"node_modules/@swc/core": {
			"version": "1.11.29",
			"resolved": "https://registry.npmjs.org/@swc/core/-/core-1.11.29.tgz",
			"integrity": "sha512-g4mThMIpWbNhV8G2rWp5a5/Igv8/2UFRJx2yImrLGMgrDDYZIopqZ/z0jZxDgqNA1QDx93rpwNF7jGsxVWcMlA==",
			"hasInstallScript": true,
			"license": "Apache-2.0",
			"dependencies": {
				"@swc/counter": "^0.1.3",
				"@swc/types": "^0.1.21"
			},
			"engines": {
				"node": ">=10"
			},
			"funding": {
				"type": "opencollective",
				"url": "https://opencollective.com/swc"
			},
			"optionalDependencies": {
				"@swc/core-darwin-arm64": "1.11.29",
				"@swc/core-darwin-x64": "1.11.29",
				"@swc/core-linux-arm-gnueabihf": "1.11.29",
				"@swc/core-linux-arm64-gnu": "1.11.29",
				"@swc/core-linux-arm64-musl": "1.11.29",
				"@swc/core-linux-x64-gnu": "1.11.29",
				"@swc/core-linux-x64-musl": "1.11.29",
				"@swc/core-win32-arm64-msvc": "1.11.29",
				"@swc/core-win32-ia32-msvc": "1.11.29",
				"@swc/core-win32-x64-msvc": "1.11.29"
			},
			"peerDependencies": {
				"@swc/helpers": ">=0.5.17"
			},
			"peerDependenciesMeta": {
				"@swc/helpers": {
					"optional": true
				}
			}
		},
		"node_modules/@swc/core-darwin-arm64": {
			"version": "1.11.29",
			"resolved": "https://registry.npmjs.org/@swc/core-darwin-arm64/-/core-darwin-arm64-1.11.29.tgz",
			"integrity": "sha512-whsCX7URzbuS5aET58c75Dloby3Gtj/ITk2vc4WW6pSDQKSPDuONsIcZ7B2ng8oz0K6ttbi4p3H/PNPQLJ4maQ==",
			"cpu": [
				"arm64"
			],
			"license": "Apache-2.0 AND MIT",
			"optional": true,
			"os": [
				"darwin"
			],
			"engines": {
				"node": ">=10"
			}
		},
		"node_modules/@swc/core-darwin-x64": {
			"version": "1.11.29",
			"resolved": "https://registry.npmjs.org/@swc/core-darwin-x64/-/core-darwin-x64-1.11.29.tgz",
			"integrity": "sha512-S3eTo/KYFk+76cWJRgX30hylN5XkSmjYtCBnM4jPLYn7L6zWYEPajsFLmruQEiTEDUg0gBEWLMNyUeghtswouw==",
			"cpu": [
				"x64"
			],
			"license": "Apache-2.0 AND MIT",
			"optional": true,
			"os": [
				"darwin"
			],
			"engines": {
				"node": ">=10"
			}
		},
		"node_modules/@swc/core-linux-arm-gnueabihf": {
			"version": "1.11.29",
			"resolved": "https://registry.npmjs.org/@swc/core-linux-arm-gnueabihf/-/core-linux-arm-gnueabihf-1.11.29.tgz",
			"integrity": "sha512-o9gdshbzkUMG6azldHdmKklcfrcMx+a23d/2qHQHPDLUPAN+Trd+sDQUYArK5Fcm7TlpG4sczz95ghN0DMkM7g==",
			"cpu": [
				"arm"
			],
			"license": "Apache-2.0",
			"optional": true,
			"os": [
				"linux"
			],
			"engines": {
				"node": ">=10"
			}
		},
		"node_modules/@swc/core-linux-arm64-gnu": {
			"version": "1.11.29",
			"resolved": "https://registry.npmjs.org/@swc/core-linux-arm64-gnu/-/core-linux-arm64-gnu-1.11.29.tgz",
			"integrity": "sha512-sLoaciOgUKQF1KX9T6hPGzvhOQaJn+3DHy4LOHeXhQqvBgr+7QcZ+hl4uixPKTzxk6hy6Hb0QOvQEdBAAR1gXw==",
			"cpu": [
				"arm64"
			],
			"license": "Apache-2.0 AND MIT",
			"optional": true,
			"os": [
				"linux"
			],
			"engines": {
				"node": ">=10"
			}
		},
		"node_modules/@swc/core-linux-arm64-musl": {
			"version": "1.11.29",
			"resolved": "https://registry.npmjs.org/@swc/core-linux-arm64-musl/-/core-linux-arm64-musl-1.11.29.tgz",
			"integrity": "sha512-PwjB10BC0N+Ce7RU/L23eYch6lXFHz7r3NFavIcwDNa/AAqywfxyxh13OeRy+P0cg7NDpWEETWspXeI4Ek8otw==",
			"cpu": [
				"arm64"
			],
			"license": "Apache-2.0 AND MIT",
			"optional": true,
			"os": [
				"linux"
			],
			"engines": {
				"node": ">=10"
			}
		},
		"node_modules/@swc/core-linux-x64-gnu": {
			"version": "1.11.29",
			"resolved": "https://registry.npmjs.org/@swc/core-linux-x64-gnu/-/core-linux-x64-gnu-1.11.29.tgz",
			"integrity": "sha512-i62vBVoPaVe9A3mc6gJG07n0/e7FVeAvdD9uzZTtGLiuIfVfIBta8EMquzvf+POLycSk79Z6lRhGPZPJPYiQaA==",
			"cpu": [
				"x64"
			],
			"license": "Apache-2.0 AND MIT",
			"optional": true,
			"os": [
				"linux"
			],
			"engines": {
				"node": ">=10"
			}
		},
		"node_modules/@swc/core-linux-x64-musl": {
			"version": "1.11.29",
			"resolved": "https://registry.npmjs.org/@swc/core-linux-x64-musl/-/core-linux-x64-musl-1.11.29.tgz",
			"integrity": "sha512-YER0XU1xqFdK0hKkfSVX1YIyCvMDI7K07GIpefPvcfyNGs38AXKhb2byySDjbVxkdl4dycaxxhRyhQ2gKSlsFQ==",
			"cpu": [
				"x64"
			],
			"license": "Apache-2.0 AND MIT",
			"optional": true,
			"os": [
				"linux"
			],
			"engines": {
				"node": ">=10"
			}
		},
		"node_modules/@swc/core-win32-arm64-msvc": {
			"version": "1.11.29",
			"resolved": "https://registry.npmjs.org/@swc/core-win32-arm64-msvc/-/core-win32-arm64-msvc-1.11.29.tgz",
			"integrity": "sha512-po+WHw+k9g6FAg5IJ+sMwtA/fIUL3zPQ4m/uJgONBATCVnDDkyW6dBA49uHNVtSEvjvhuD8DVWdFP847YTcITw==",
			"cpu": [
				"arm64"
			],
			"license": "Apache-2.0 AND MIT",
			"optional": true,
			"os": [
				"win32"
			],
			"engines": {
				"node": ">=10"
			}
		},
		"node_modules/@swc/core-win32-ia32-msvc": {
			"version": "1.11.29",
			"resolved": "https://registry.npmjs.org/@swc/core-win32-ia32-msvc/-/core-win32-ia32-msvc-1.11.29.tgz",
			"integrity": "sha512-h+NjOrbqdRBYr5ItmStmQt6x3tnhqgwbj9YxdGPepbTDamFv7vFnhZR0YfB3jz3UKJ8H3uGJ65Zw1VsC+xpFkg==",
			"cpu": [
				"ia32"
			],
			"license": "Apache-2.0 AND MIT",
			"optional": true,
			"os": [
				"win32"
			],
			"engines": {
				"node": ">=10"
			}
		},
		"node_modules/@swc/core-win32-x64-msvc": {
			"version": "1.11.29",
			"resolved": "https://registry.npmjs.org/@swc/core-win32-x64-msvc/-/core-win32-x64-msvc-1.11.29.tgz",
			"integrity": "sha512-Q8cs2BDV9wqDvqobkXOYdC+pLUSEpX/KvI0Dgfun1F+LzuLotRFuDhrvkU9ETJA6OnD2+Fn/ieHgloiKA/Mn/g==",
			"cpu": [
				"x64"
			],
			"license": "Apache-2.0 AND MIT",
			"optional": true,
			"os": [
				"win32"
			],
			"engines": {
				"node": ">=10"
			}
		},
		"node_modules/@swc/counter": {
			"version": "0.1.3",
			"resolved": "https://registry.npmjs.org/@swc/counter/-/counter-0.1.3.tgz",
			"integrity": "sha512-e2BR4lsJkkRlKZ/qCHPw9ZaSxc0MVUd7gtbtaB7aMvHeJVYe8sOB8DBZkP2DtISHGSku9sCK6T6cnY0CtXrOCQ==",
			"license": "Apache-2.0"
		},
		"node_modules/@swc/types": {
			"version": "0.1.21",
			"resolved": "https://registry.npmjs.org/@swc/types/-/types-0.1.21.tgz",
			"integrity": "sha512-2YEtj5HJVbKivud9N4bpPBAyZhj4S2Ipe5LkUG94alTpr7in/GU/EARgPAd3BwU+YOmFVJC2+kjqhGRi3r0ZpQ==",
			"license": "Apache-2.0",
			"dependencies": {
				"@swc/counter": "^0.1.3"
			}
		},
		"node_modules/typescript": {
			"version": "5.7.3",
			"resolved": "https://registry.npmjs.org/typescript/-/typescript-5.7.3.tgz",
			"integrity": "sha512-84MVSjMEHP+FQRPy3pX9sTVV/INIex71s9TL2Gm5FG/WG1SqXeKyZ0k7/blY/4FdOzI12CBy1vGc4og/eus0fw==",
			"license": "Apache-2.0",
			"bin": {
				"tsc": "bin/tsc",
				"tsserver": "bin/tsserver"
			},
			"engines": {
				"node": ">=14.17"
			}
		}
	}
}
